
Microsoft Visual Studio Solution File, Format Version 12.00
# Visual Studio Version 17
VisualStudioVersion = 17.0.31521.260
MinimumVisualStudioVersion = 10.0.40219.1
Project("{FAE04EC0-301F-11D3-BF4B-00C04F79EFBC}") = "ExemploHostBuilderDIConsoleApp", "ExemploHostBuilderDIConsoleApp\ExemploHostBuilderDIConsoleApp.csproj", "{CBE13403-30E2-459A-81B2-D64C9214EB84}"
EndProject
Global
	GlobalSection(SolutionConfigurationPlatforms) = preSolution
		Debug|Any CPU = Debug|Any CPU
		Release|Any CPU = Release|Any CPU
	EndGlobalSection
	GlobalSection(ProjectConfigurationPlatforms) = postSolution
		{CBE13403-30E2-459A-81B2-D64C9214EB84}.Debug|Any CPU.ActiveCfg = Debug|Any CPU
		{CBE13403-30E2-459A-81B2-D64C9214EB84}.Debug|Any CPU.Build.0 = Debug|Any CPU
		{CBE13403-30E2-459A-81B2-D64C9214EB84}.Release|Any CPU.ActiveCfg = Release|Any CPU
		{CBE13403-30E2-459A-81B2-D64C9214EB84}.Release|Any CPU.Build.0 = Release|Any CPU
	EndGlobalSection
	GlobalSection(SolutionProperties) = preSolution
		HideSolutionNode = FALSE
	EndGlobalSection
	GlobalSection(ExtensibilityGlobals) = postSolution
		SolutionGuid = {A7AFAB3C-8F84-4673-8DD6-1AAF6828C809}
	EndGlobalSection
EndGlobal
